
Microsoft Visual Studio Solution File, Format Version 12.00
# Visual Studio Version 16
VisualStudioVersion = 16.0.30717.126
MinimumVisualStudioVersion = 10.0.40219.1
Project("{FAE04EC0-301F-11D3-BF4B-00C04F79EFBC}") = "HashTable", "HashTable\HashTable.csproj", "{580CB41E-B182-4180-9EC6-AB5B595B0FDD}"
EndProject
Global
	GlobalSection(SolutionConfigurationPlatforms) = preSolution
		Debug|Any CPU = Debug|Any CPU
		Release|Any CPU = Release|Any CPU
	EndGlobalSection
	GlobalSection(ProjectConfigurationPlatforms) = postSolution
		{580CB41E-B182-4180-9EC6-AB5B595B0FDD}.Debug|Any CPU.ActiveCfg = Debug|Any CPU
		{580CB41E-B182-4180-9EC6-AB5B595B0FDD}.Debug|Any CPU.Build.0 = Debug|Any CPU
		{580CB41E-B182-4180-9EC6-AB5B595B0FDD}.Release|Any CPU.ActiveCfg = Release|Any CPU
		{580CB41E-B182-4180-9EC6-AB5B595B0FDD}.Release|Any CPU.Build.0 = Release|Any CPU
	EndGlobalSection
	GlobalSection(SolutionProperties) = preSolution
		HideSolutionNode = FALSE
	EndGlobalSection
	GlobalSection(ExtensibilityGlobals) = postSolution
		SolutionGuid = {0E4A182D-B502-4E01-84D2-0CC13F7E63DC}
	EndGlobalSection
EndGlobal
